
Microsoft Visual Studio Solution File, Format Version 12.00
# Visual Studio Version 17
VisualStudioVersion = 17.2.32630.192
MinimumVisualStudioVersion = 10.0.40219.1
Project("{FAE04EC0-301F-11D3-BF4B-00C04F79EFBC}") = "BulkyBookWeb", "BulkyBookWeb\BulkyBookWeb.csproj", "{236B0DE5-8DA3-494A-8DE0-E8588F854E34}"
EndProject
Global
	GlobalSection(SolutionConfigurationPlatforms) = preSolution
		Debug|Any CPU = Debug|Any CPU
		Release|Any CPU = Release|Any CPU
	EndGlobalSection
	GlobalSection(ProjectConfigurationPlatforms) = postSolution
		{236B0DE5-8DA3-494A-8DE0-E8588F854E34}.Debug|Any CPU.ActiveCfg = Debug|Any CPU
		{236B0DE5-8DA3-494A-8DE0-E8588F854E34}.Debug|Any CPU.Build.0 = Debug|Any CPU
		{236B0DE5-8DA3-494A-8DE0-E8588F854E34}.Release|Any CPU.ActiveCfg = Release|Any CPU
		{236B0DE5-8DA3-494A-8DE0-E8588F854E34}.Release|Any CPU.Build.0 = Release|Any CPU
	EndGlobalSection
	GlobalSection(SolutionProperties) = preSolution
		HideSolutionNode = FALSE
	EndGlobalSection
	GlobalSection(ExtensibilityGlobals) = postSolution
		SolutionGuid = {503C8C1C-07EE-4404-9272-05DFACBAA6CB}
	EndGlobalSection
EndGlobal
